
Microsoft Visual Studio Solution File, Format Version 12.00
# Visual Studio Version 17
VisualStudioVersion = 17.4.33213.308
MinimumVisualStudioVersion = 10.0.40219.1
Project("{FAE04EC0-301F-11D3-BF4B-00C04F79EFBC}") = "8-1", "8-1.csproj", "{502ECF3C-A15F-45EB-A905-C940EA2E2A81}"
EndProject
Project("{FAE04EC0-301F-11D3-BF4B-00C04F79EFBC}") = "8-2", "..\8-2\8-2.csproj", "{4C253951-D0A5-43A9-BF9D-DB1154EB580B}"
EndProject
Project("{FAE04EC0-301F-11D3-BF4B-00C04F79EFBC}") = "8-3", "..\8-3\8-3.csproj", "{42DFFD76-909F-459B-B2CB-F11B89A439FE}"
EndProject
Project("{FAE04EC0-301F-11D3-BF4B-00C04F79EFBC}") = "8-4", "..\8-4\8-4.csproj", "{7A252476-FEEF-4117-99CA-BA8B42E4189A}"
EndProject
Global
	GlobalSection(SolutionConfigurationPlatforms) = preSolution
		Debug|Any CPU = Debug|Any CPU
		Release|Any CPU = Release|Any CPU
	EndGlobalSection
	GlobalSection(ProjectConfigurationPlatforms) = postSolution
		{502ECF3C-A15F-45EB-A905-C940EA2E2A81}.Debug|Any CPU.ActiveCfg = Debug|Any CPU
		{502ECF3C-A15F-45EB-A905-C940EA2E2A81}.Debug|Any CPU.Build.0 = Debug|Any CPU
		{502ECF3C-A15F-45EB-A905-C940EA2E2A81}.Release|Any CPU.ActiveCfg = Release|Any CPU
		{502ECF3C-A15F-45EB-A905-C940EA2E2A81}.Release|Any CPU.Build.0 = Release|Any CPU
		{4C253951-D0A5-43A9-BF9D-DB1154EB580B}.Debug|Any CPU.ActiveCfg = Debug|Any CPU
		{4C253951-D0A5-43A9-BF9D-DB1154EB580B}.Debug|Any CPU.Build.0 = Debug|Any CPU
		{4C253951-D0A5-43A9-BF9D-DB1154EB580B}.Release|Any CPU.ActiveCfg = Release|Any CPU
		{4C253951-D0A5-43A9-BF9D-DB1154EB580B}.Release|Any CPU.Build.0 = Release|Any CPU
		{42DFFD76-909F-459B-B2CB-F11B89A439FE}.Debug|Any CPU.ActiveCfg = Debug|Any CPU
		{42DFFD76-909F-459B-B2CB-F11B89A439FE}.Debug|Any CPU.Build.0 = Debug|Any CPU
		{42DFFD76-909F-459B-B2CB-F11B89A439FE}.Release|Any CPU.ActiveCfg = Release|Any CPU
		{42DFFD76-909F-459B-B2CB-F11B89A439FE}.Release|Any CPU.Build.0 = Release|Any CPU
		{7A252476-FEEF-4117-99CA-BA8B42E4189A}.Debug|Any CPU.ActiveCfg = Debug|Any CPU
		{7A252476-FEEF-4117-99CA-BA8B42E4189A}.Debug|Any CPU.Build.0 = Debug|Any CPU
		{7A252476-FEEF-4117-99CA-BA8B42E4189A}.Release|Any CPU.ActiveCfg = Release|Any CPU
		{7A252476-FEEF-4117-99CA-BA8B42E4189A}.Release|Any CPU.Build.0 = Release|Any CPU
	EndGlobalSection
	GlobalSection(SolutionProperties) = preSolution
		HideSolutionNode = FALSE
	EndGlobalSection
	GlobalSection(ExtensibilityGlobals) = postSolution
		SolutionGuid = {103BA3BC-F38E-461B-90E1-2FC128964B4E}
	EndGlobalSection
EndGlobal
